
Microsoft Visual Studio Solution File, Format Version 12.00
# Visual Studio Version 17
VisualStudioVersion = 17.10.34607.79
MinimumVisualStudioVersion = 10.0.40219.1
Project("{9A19103F-16F7-4668-BE54-9A1E7A4F7556}") = "GerleKalandjai", "GerleKalandjai\GerleKalandjai.csproj", "{EA2FA6BA-EDB5-441D-868C-DAC789272715}"
EndProject
Project("{FAE04EC0-301F-11D3-BF4B-00C04F79EFBC}") = "Gerle_Lib", "Gerle_Lib\Gerle_Lib.csproj", "{BB55D384-AF33-449E-95CC-DB75543FD89D}"
EndProject
Global
	GlobalSection(SolutionConfigurationPlatforms) = preSolution
		Debug|Any CPU = Debug|Any CPU
		Release|Any CPU = Release|Any CPU
	EndGlobalSection
	GlobalSection(ProjectConfigurationPlatforms) = postSolution
		{EA2FA6BA-EDB5-441D-868C-DAC789272715}.Debug|Any CPU.ActiveCfg = Debug|Any CPU
		{EA2FA6BA-EDB5-441D-868C-DAC789272715}.Debug|Any CPU.Build.0 = Debug|Any CPU
		{EA2FA6BA-EDB5-441D-868C-DAC789272715}.Release|Any CPU.ActiveCfg = Release|Any CPU
		{EA2FA6BA-EDB5-441D-868C-DAC789272715}.Release|Any CPU.Build.0 = Release|Any CPU
		{BB55D384-AF33-449E-95CC-DB75543FD89D}.Debug|Any CPU.ActiveCfg = Debug|Any CPU
		{BB55D384-AF33-449E-95CC-DB75543FD89D}.Debug|Any CPU.Build.0 = Debug|Any CPU
		{BB55D384-AF33-449E-95CC-DB75543FD89D}.Release|Any CPU.ActiveCfg = Release|Any CPU
		{BB55D384-AF33-449E-95CC-DB75543FD89D}.Release|Any CPU.Build.0 = Release|Any CPU
	EndGlobalSection
	GlobalSection(SolutionProperties) = preSolution
		HideSolutionNode = FALSE
	EndGlobalSection
	GlobalSection(ExtensibilityGlobals) = postSolution
		SolutionGuid = {7BF27A85-F170-455C-9EE4-F69E40D8B76C}
	EndGlobalSection
EndGlobal
